
Microsoft Visual Studio Solution File, Format Version 12.00
# Visual Studio Version 16
VisualStudioVersion = 16.0.31205.134
MinimumVisualStudioVersion = 10.0.40219.1
Project("{FAE04EC0-301F-11D3-BF4B-00C04F79EFBC}") = "QLTHUVIEN", "QLTHUVIEN\QLTHUVIEN.csproj", "{EAC497E9-E1EF-4AB8-A58F-5D6E5BC69383}"
EndProject
Global
	GlobalSection(SolutionConfigurationPlatforms) = preSolution
		Debug|Any CPU = Debug|Any CPU
		Release|Any CPU = Release|Any CPU
	EndGlobalSection
	GlobalSection(ProjectConfigurationPlatforms) = postSolution
		{EAC497E9-E1EF-4AB8-A58F-5D6E5BC69383}.Debug|Any CPU.ActiveCfg = Debug|Any CPU
		{EAC497E9-E1EF-4AB8-A58F-5D6E5BC69383}.Debug|Any CPU.Build.0 = Debug|Any CPU
		{EAC497E9-E1EF-4AB8-A58F-5D6E5BC69383}.Release|Any CPU.ActiveCfg = Release|Any CPU
		{EAC497E9-E1EF-4AB8-A58F-5D6E5BC69383}.Release|Any CPU.Build.0 = Release|Any CPU
	EndGlobalSection
	GlobalSection(SolutionProperties) = preSolution
		HideSolutionNode = FALSE
	EndGlobalSection
	GlobalSection(ExtensibilityGlobals) = postSolution
		SolutionGuid = {E188F6D2-B422-4DC0-A159-8757DA829C7C}
	EndGlobalSection
EndGlobal
